# This file is autogenerated, do not edit; changes may be undone by the next 'dep ensure'.


[[projects]]
  digest = "1:e4b30804a381d7603b8a344009987c1ba351c26043501b23b8c7ce21f0b67474"
  name = "github.com/BurntSushi/toml"
  packages = ["."]
  pruneopts = ""
  revision = "3012a1dbe2e4bd1391d42b32f0577cb7bbc7f005"
  version = "v0.3.1"

[[projects]]
  branch = "master"
  digest = "1:87d04a9dda6bc2edeb2510807433f505d94870570b533cb8482ba7daa668b006"
  name = "github.com/dgrijalva/jwt-go"
  packages = ["."]
  pruneopts = ""
  revision = "dc14462fd58732591c7fa58cc8496d6824316a82"

[[projects]]
  digest = "1:02c7a8570f619bdb5620e8f6a16407455c8e63433d8a9e829f618813dc7f89a5"
  name = "github.com/golang/protobuf"
  packages = [
    "proto",
    "ptypes",
    "ptypes/any",
    "ptypes/duration",
    "ptypes/timestamp",
  ]
  pruneopts = ""
  revision = "d04d7b157bb510b1e0c10132224b616ac0e26b17"
  version = "v1.4.2"

[[projects]]
  branch = "master"
  digest = "1:7724e6a8a883a3b63055359ee727674d6067ecd82905e64d479ea670971eaa93"
  name = "github.com/google/goexpect"
  packages = ["."]
  pruneopts = ""
  revision = "b5b77125c2c58628339d1f0a3d12d6dfd1b2a5e2"

[[projects]]
  branch = "master"
  digest = "1:bb2b86aa68f156ad747037313f2704d781ca5351969c4835515920b255c1a1d6"
  name = "github.com/google/goterm"
  packages = ["term"]
  pruneopts = ""
  revision = "fc88cf888a3fa99ecc23d1efc1a44284268457d3"

[[projects]]
  branch = "master"
  digest = "1:79b12149793d2879561af016d7464964890951e2685aae24a72f91690aa3cd53"
  name = "github.com/jinzhu/copier"
  packages = ["."]
  pruneopts = ""
  revision = "b57f9002281ac48ed8cbc489b1e91121e1a0824c"

[[projects]]
  digest = "1:44da3f221472d00188fa0d9bdae0c0abbdd45eebe8b8a6f5bdf22d24affff760"
  name = "go.uber.org/atomic"
  packages = ["."]
  pruneopts = ""
  revision = "40ae6a40a970ef4cdbffa7b24b280e316db8accc"
  version = "v1.5.1"

[[projects]]
  digest = "1:dfa0ac0e9eaefded9479bba35e8c274cbbe688894c583e28ad66c0a95d2eeb45"
  name = "go.uber.org/multierr"
  packages = ["."]
  pruneopts = ""
  revision = "824d08f79702fe5f54aca8400aa0d754318786e7"
  version = "v1.4.0"

[[projects]]
  branch = "master"
  digest = "1:4f9d5475f0ab52f0dc28c6bfd2cfeebb0a5f823e8ae4cc8bc53ae112762d275c"
  name = "go.uber.org/tools"
  packages = ["update-license"]
  pruneopts = ""
  revision = "2cfd321de3ee5d5f8a5fda2521d1703478334d98"

[[projects]]
  branch = "master"
  digest = "1:52c839f34b216cc6a6dbc593faa079899f3759e2a11fe7accf09b875edb07eb4"
  name = "go.uber.org/zap"
  packages = [
    ".",
    "buffer",
    "internal/bufferpool",
    "internal/color",
    "internal/exit",
    "zapcore",
  ]
  pruneopts = ""
  revision = "127ea09767984a610aa6a53141f271b35f975ddb"

[[projects]]
  branch = "master"
  digest = "1:678eb8275bb8e3394737d136f55da106956c699fb4ccc3e72aa115123cd28d0d"
  name = "golang.org/x/crypto"
  packages = [
    "blowfish",
    "chacha20",
    "curve25519",
    "ed25519",
    "ed25519/internal/edwards25519",
    "internal/subtle",
    "poly1305",
    "ssh",
    "ssh/internal/bcrypt_pbkdf",
  ]
  pruneopts = ""
  revision = "5c72a883971a4325f8c62bf07b6d38c20ea47a6a"

[[projects]]
  branch = "master"
  digest = "1:2b72e9a94f2ac305c8821463fd792c8acb31d7d3c8de87e8c8e7e08db42e8cd6"
  name = "golang.org/x/lint"
  packages = [
    ".",
    "golint",
  ]
  pruneopts = ""
  revision = "910be7a94367618fd0fd25eaabbee4fdc0ac7092"

[[projects]]
  branch = "master"
  digest = "1:cf429f18b9688dc053fecd4b72bbcd542ebfb85dab6851186d3640724cbc05d7"
  name = "golang.org/x/sys"
  packages = ["cpu"]
  pruneopts = ""
  revision = "157a740278f41cac851f88b8aebe047c6fc2414f"

[[projects]]
  branch = "master"
  digest = "1:9c1e3323d01ae00b0972ee876c328df580e6c0e76c37569309ce90ac672263e9"
  name = "golang.org/x/tools"
  packages = [
    "go/analysis",
    "go/analysis/passes/inspect",
    "go/ast/astutil",
    "go/ast/inspector",
    "go/buildutil",
    "go/gcexportdata",
    "go/internal/gcimporter",
    "go/internal/packagesdriver",
    "go/packages",
    "go/types/objectpath",
    "go/types/typeutil",
    "internal/packagesinternal",
  ]
  pruneopts = ""
  revision = "33212cd6a08a338fd5a43ba96445070e150b340f"

[[projects]]
  branch = "master"
  digest = "1:8890d95f48c5f0fcf4a07b986f93c961be5cb52290286109c809a2749ce27642"
  name = "google.golang.org/genproto"
  packages = ["googleapis/rpc/status"]
  pruneopts = ""
  revision = "2bf3329a0021d3fd5f1508cab78b6c1306830ad5"

[[projects]]
  digest = "1:63d30f7ecb713888bdfcbefb5a0e871439ec8fa6e3be556c98427a2a60ae431d"
  name = "google.golang.org/grpc"
  packages = [
    "codes",
    "internal/status",
    "status",
  ]
  pruneopts = ""
  revision = "39ef2aaf62df775b9c54a59957d113a0495cae73"
  version = "v1.31.1"

[[projects]]
  digest = "1:0d049ff01749ce1d6092c85cb90a02dfdb3b401939b13415b7e608f36bc8ecee"
  name = "google.golang.org/protobuf"
  packages = [
    "encoding/prototext",
    "encoding/protowire",
    "internal/descfmt",
    "internal/descopts",
    "internal/detrand",
    "internal/encoding/defval",
    "internal/encoding/messageset",
    "internal/encoding/tag",
    "internal/encoding/text",
    "internal/errors",
    "internal/fieldsort",
    "internal/filedesc",
    "internal/filetype",
    "internal/flags",
    "internal/genid",
    "internal/impl",
    "internal/mapsort",
    "internal/pragma",
    "internal/set",
    "internal/strs",
    "internal/version",
    "proto",
    "reflect/protoreflect",
    "reflect/protoregistry",
    "runtime/protoiface",
    "runtime/protoimpl",
    "types/known/anypb",
    "types/known/durationpb",
    "types/known/timestamppb",
  ]
  pruneopts = ""
  revision = "3f7a61f89bb6813f89d981d1870ed68da0b3c3f1"
  version = "v1.25.0"

[[projects]]
  digest = "1:afc5a2804ec9be0562c937b0c684bbaf5a9c4aef7511677b539c3806be3f4783"
  name = "honnef.co/go/tools"
  packages = [
    "arg",
    "cmd/staticcheck",
    "config",
    "deprecated",
    "facts",
    "functions",
    "go/types/typeutil",
    "internal/cache",
    "internal/passes/buildssa",
    "internal/renameio",
    "internal/sharedcheck",
    "lint",
    "lint/lintdsl",
    "lint/lintutil",
    "lint/lintutil/format",
    "loader",
    "printf",
    "simple",
    "ssa",
    "ssautil",
    "staticcheck",
    "staticcheck/vrp",
    "stylecheck",
    "unused",
    "version",
  ]
  pruneopts = ""
  revision = "afd67930eec2a9ed3e9b19f684d17a062285f16a"
  version = "2019.2.3"

[solve-meta]
  analyzer-name = "dep"
  analyzer-version = 1
  input-imports = [
    "github.com/dgrijalva/jwt-go",
    "github.com/google/goexpect",
    "github.com/jinzhu/copier",
    "go.uber.org/zap",
  ]
  solver-name = "gps-cdcl"
  solver-version = 1
